<?xml version="1.0" encoding="utf-8"?>
<Project ToolsVersion="4.0" xmlns="http://schemas.microsoft.com/developer/msbuild/2003">
  <ItemGroup>
    <Filter Include="Source Files">
      <UniqueIdentifier>{4FC737F1-C7A5-4376-A066-2A32D752A2FF}</UniqueIdentifier>
      <Extensions>cpp;c;cc;cxx;def;odl;idl;hpj;bat;asm;asmx</Extensions>
    </Filter>
    <Filter Include="Header Files">
      <UniqueIdentifier>{93995380-89BD-4b04-88EB-625FBE52EBFB}</UniqueIdentifier>
      <Extensions>h;hpp;hxx;hm;inl;inc;xsd</Extensions>
    </Filter>
    <Filter Include="Resource Files">
      <UniqueIdentifier>{67DA6AB6-F800-4c08-8B7A-83BB121AAD01}</UniqueIdentifier>
      <Extensions>rc;ico;cur;bmp;dlg;rc2;rct;bin;rgs;gif;jpg;jpeg;jpe;resx;tiff;tif;png;wav;mfcribbon-ms</Extensions>
    </Filter>
  </ItemGroup>
  <ItemGroup>
    <ClInclude Include="CalcEquilibrium.h">
      <Filter>Header Files</Filter>
    </ClInclude>
    <ClInclude Include="consts.h">
      <Filter>Header Files</Filter>
    </ClInclude>
    <ClInclude Include="NetworkCore.h">
      <Filter>Header Files</Filter>
    </ClInclude>
    <ClInclude Include="PlayoutState.h">
      <Filter>Header Files</Filter>
    </ClInclude>
    <ClInclude Include="include\platformstl\performance\performance_counter.hpp">
      <Filter>Header Files</Filter>
    </ClInclude>
    <ClInclude Include="include\platformstl\performance\processtimes_counter.hpp">
      <Filter>Header Files</Filter>
    </ClInclude>
    <ClInclude Include="include\platformstl\platformstl.h">
      <Filter>Header Files</Filter>
    </ClInclude>
    <ClInclude Include="include\platformstl\platformstl.hpp">
      <Filter>Header Files</Filter>
    </ClInclude>
    <ClInclude Include="include\soap\nsmap.h">
      <Filter>Header Files</Filter>
    </ClInclude>
    <ClInclude Include="include\soap\soapChallengeServiceSoapBindingProxy.h">
      <Filter>Header Files</Filter>
    </ClInclude>
    <ClInclude Include="include\soap\soapH.h">
      <Filter>Header Files</Filter>
    </ClInclude>
    <ClInclude Include="include\soap\soapStub.h">
      <Filter>Header Files</Filter>
    </ClInclude>
    <ClInclude Include="include\soap\stdsoap2.h">
      <Filter>Header Files</Filter>
    </ClInclude>
    <ClInclude Include="include\stlsoft\internal\cccap\gcc.h">
      <Filter>Header Files</Filter>
    </ClInclude>
    <ClInclude Include="include\stlsoft\internal\cccap\msvc.h">
      <Filter>Header Files</Filter>
    </ClInclude>
    <ClInclude Include="include\stlsoft\internal\cccap\obsolete.h">
      <Filter>Header Files</Filter>
    </ClInclude>
    <ClInclude Include="include\stlsoft\internal\head_version.h">
      <Filter>Header Files</Filter>
    </ClInclude>
    <ClInclude Include="include\stlsoft\internal\lead_version.h">
      <Filter>Header Files</Filter>
    </ClInclude>
    <ClInclude Include="include\stlsoft\stlsoft.h">
      <Filter>Header Files</Filter>
    </ClInclude>
    <ClInclude Include="include\unixstl\performance\performance_counter.hpp">
      <Filter>Header Files</Filter>
    </ClInclude>
    <ClInclude Include="include\unixstl\performance\processtimes_counter.hpp">
      <Filter>Header Files</Filter>
    </ClInclude>
    <ClInclude Include="include\unixstl\unixstl.h">
      <Filter>Header Files</Filter>
    </ClInclude>
    <ClInclude Include="include\winstl\performance\highperformance_counter.hpp">
      <Filter>Header Files</Filter>
    </ClInclude>
    <ClInclude Include="include\winstl\performance\multimedia_counter.hpp">
      <Filter>Header Files</Filter>
    </ClInclude>
    <ClInclude Include="include\winstl\performance\performance_counter.hpp">
      <Filter>Header Files</Filter>
    </ClInclude>
    <ClInclude Include="include\winstl\performance\processtimes_counter.hpp">
      <Filter>Header Files</Filter>
    </ClInclude>
    <ClInclude Include="include\winstl\performance\systemtime_counter.hpp">
      <Filter>Header Files</Filter>
    </ClInclude>
    <ClInclude Include="include\winstl\performance\threadtimes_counter.hpp">
      <Filter>Header Files</Filter>
    </ClInclude>
    <ClInclude Include="include\winstl\performance\tick_counter.hpp">
      <Filter>Header Files</Filter>
    </ClInclude>
    <ClInclude Include="include\tinythread.h">
      <Filter>Header Files</Filter>
    </ClInclude>
    <ClInclude Include="sleep.h">
      <Filter>Header Files</Filter>
    </ClInclude>
    <ClInclude Include="include\winstl\winstl.h">
      <Filter>Header Files</Filter>
    </ClInclude>
    <ClInclude Include="include\stlsoft\util\limit_traits.h">
      <Filter>Header Files</Filter>
    </ClInclude>
    <ClInclude Include="include\stlsoft\util\size_traits.hpp">
      <Filter>Header Files</Filter>
    </ClInclude>
    <ClInclude Include="MCTree.h">
      <Filter>Header Files</Filter>
    </ClInclude>
    <ClInclude Include="include\stlsoft\util\std\algorithm.hpp">
      <Filter>Header Files</Filter>
    </ClInclude>
    <ClInclude Include="include\stlsoft\util\std\dinkumware_iterator_traits.hpp">
      <Filter>Header Files</Filter>
    </ClInclude>
    <ClInclude Include="include\stlsoft\util\std\iterator_category_limiters.hpp">
      <Filter>Header Files</Filter>
    </ClInclude>
    <ClInclude Include="include\stlsoft\util\std\iterator_generators.hpp">
      <Filter>Header Files</Filter>
    </ClInclude>
    <ClInclude Include="include\stlsoft\util\std\iterator_helper.hpp">
      <Filter>Header Files</Filter>
    </ClInclude>
    <ClInclude Include="include\stlsoft\util\std\library_discriminator.hpp">
      <Filter>Header Files</Filter>
    </ClInclude>
    <ClInclude Include="include\stlsoft\util\std\stdio_overload_detectors.hpp">
      <Filter>Header Files</Filter>
    </ClInclude>
    <ClInclude Include="include\stlsoft\util\std\utility.hpp">
      <Filter>Header Files</Filter>
    </ClInclude>
    <ClInclude Include="include\stlsoft\util\64bit_integers.hpp">
      <Filter>Header Files</Filter>
    </ClInclude>
    <ClInclude Include="include\stlsoft\util\argument_proxies.hpp">
      <Filter>Header Files</Filter>
    </ClInclude>
    <ClInclude Include="include\stlsoft\util\compiler_optimisation_traits.hpp">
      <Filter>Header Files</Filter>
    </ClInclude>
    <ClInclude Include="include\stlsoft\util\constraints.hpp">
      <Filter>Header Files</Filter>
    </ClInclude>
    <ClInclude Include="include\stlsoft\util\exception_string.hpp">
      <Filter>Header Files</Filter>
    </ClInclude>
    <ClInclude Include="include\stlsoft\util\forward_enums.hpp">
      <Filter>Header Files</Filter>
    </ClInclude>
    <ClInclude Include="include\stlsoft\util\inert.hpp">
      <Filter>Header Files</Filter>
    </ClInclude>
    <ClInclude Include="include\stlsoft\util\integral_printf_traits.hpp">
      <Filter>Header Files</Filter>
    </ClInclude>
    <ClInclude Include="include\stlsoft\util\minmax.hpp">
      <Filter>Header Files</Filter>
    </ClInclude>
    <ClInclude Include="include\stlsoft\util\must_init.hpp">
      <Filter>Header Files</Filter>
    </ClInclude>
    <ClInclude Include="include\stlsoft\util\null.hpp">
      <Filter>Header Files</Filter>
    </ClInclude>
    <ClInclude Include="include\stlsoft\util\nulldef.h">
      <Filter>Header Files</Filter>
    </ClInclude>
    <ClInclude Include="include\stlsoft\util\operator_bool.hpp">
      <Filter>Header Files</Filter>
    </ClInclude>
    <ClInclude Include="include\stlsoft\util\operator_bool_adaptor.hpp">
      <Filter>Header Files</Filter>
    </ClInclude>
    <ClInclude Include="include\stlsoft\util\options_verifier.hpp">
      <Filter>Header Files</Filter>
    </ClInclude>
    <ClInclude Include="include\stlsoft\util\pair.hpp">
      <Filter>Header Files</Filter>
    </ClInclude>
    <ClInclude Include="include\stlsoft\util\placement_aid.hpp">
      <Filter>Header Files</Filter>
    </ClInclude>
    <ClInclude Include="include\stlsoft\util\pod_veneer.hpp">
      <Filter>Header Files</Filter>
    </ClInclude>
    <ClInclude Include="include\stlsoft\util\printf_traits.hpp">
      <Filter>Header Files</Filter>
    </ClInclude>
    <ClInclude Include="include\stlsoft\util\remove_from_scope.hpp">
      <Filter>Header Files</Filter>
    </ClInclude>
    <ClInclude Include="include\stlsoft\util\sign_traits.hpp">
      <Filter>Header Files</Filter>
    </ClInclude>
    <ClInclude Include="include\stlsoft\util\static_initialisers.hpp">
      <Filter>Header Files</Filter>
    </ClInclude>
    <ClInclude Include="include\stlsoft\util\std_swap.hpp">
      <Filter>Header Files</Filter>
    </ClInclude>
    <ClInclude Include="include\stlsoft\util\trip_bool.hpp">
      <Filter>Header Files</Filter>
    </ClInclude>
    <ClInclude Include="include\stlsoft\util\true_typedef.hpp">
      <Filter>Header Files</Filter>
    </ClInclude>
    <ClInclude Include="include\stlsoft\util\unused_return_value_monitor.hpp">
      <Filter>Header Files</Filter>
    </ClInclude>
    <ClInclude Include="include\stlsoft\util\zero.hpp">
      <Filter>Header Files</Filter>
    </ClInclude>
    <ClInclude Include="include\stlsoft\util\zerodef.h">
      <Filter>Header Files</Filter>
    </ClInclude>
    <ClInclude Include="include\fast_mutex.h">
      <Filter>Header Files</Filter>
    </ClInclude>
    <ClInclude Include="include\SFMT-alti.h">
      <Filter>Header Files</Filter>
    </ClInclude>
    <ClInclude Include="include\SFMT-common.h">
      <Filter>Header Files</Filter>
    </ClInclude>
    <ClInclude Include="include\sfmt-params.h">
      <Filter>Header Files</Filter>
    </ClInclude>
    <ClInclude Include="include\sfmt-params11213.h">
      <Filter>Header Files</Filter>
    </ClInclude>
    <ClInclude Include="include\sfmt-params1279.h">
      <Filter>Header Files</Filter>
    </ClInclude>
    <ClInclude Include="include\sfmt-params132049.h">
      <Filter>Header Files</Filter>
    </ClInclude>
    <ClInclude Include="include\sfmt-params19937.h">
      <Filter>Header Files</Filter>
    </ClInclude>
    <ClInclude Include="include\sfmt-params216091.h">
      <Filter>Header Files</Filter>
    </ClInclude>
    <ClInclude Include="include\sfmt-params2281.h">
      <Filter>Header Files</Filter>
    </ClInclude>
    <ClInclude Include="include\sfmt-params4253.h">
      <Filter>Header Files</Filter>
    </ClInclude>
    <ClInclude Include="include\sfmt-params44497.h">
      <Filter>Header Files</Filter>
    </ClInclude>
    <ClInclude Include="include\sfmt-params607.h">
      <Filter>Header Files</Filter>
    </ClInclude>
    <ClInclude Include="include\sfmt-params86243.h">
      <Filter>Header Files</Filter>
    </ClInclude>
    <ClInclude Include="include\SFMT-sse2.h">
      <Filter>Header Files</Filter>
    </ClInclude>
    <ClInclude Include="include\sfmt.h">
      <Filter>Header Files</Filter>
    </ClInclude>
    <ClInclude Include="include\statcounter.hpp">
      <Filter>Header Files</Filter>
    </ClInclude>
  </ItemGroup>
  <ItemGroup>
    <ClCompile Include="battletanks.cpp">
      <Filter>Source Files</Filter>
    </ClCompile>
    <ClCompile Include="CalcEquilibrium.cpp">
      <Filter>Source Files</Filter>
    </ClCompile>
    <ClCompile Include="NetworkCore.cpp">
      <Filter>Source Files</Filter>
    </ClCompile>
    <ClCompile Include="PlayoutState.cpp">
      <Filter>Source Files</Filter>
    </ClCompile>
    <ClCompile Include="lib\soap\soapC.cpp">
      <Filter>Source Files</Filter>
    </ClCompile>
    <ClCompile Include="lib\soap\soapChallengeServiceSoapBindingProxy.cpp">
      <Filter>Source Files</Filter>
    </ClCompile>
    <ClCompile Include="lib\soap\stdsoap2.cpp">
      <Filter>Source Files</Filter>
    </ClCompile>
    <ClCompile Include="lib\tinythread.cpp">
      <Filter>Source Files</Filter>
    </ClCompile>
    <ClCompile Include="MCTree.cpp">
      <Filter>Source Files</Filter>
    </ClCompile>
    <ClCompile Include="lib\SFMT.c">
      <Filter>Source Files</Filter>
    </ClCompile>
  </ItemGroup>
</Project>